
Microsoft Visual Studio Solution File, Format Version 12.00
# Visual Studio 14
VisualStudioVersion = 14.0.22823.1
MinimumVisualStudioVersion = 10.0.40219.1
Project("{FAE04EC0-301F-11D3-BF4B-00C04F79EFBC}") = "MVCWithDatatables", "MVCWithDatatables\MVCWithDatatables.csproj", "{DBB8AC56-FFA9-4231-9140-F9B11041DF08}"
EndProject
Project("{FAE04EC0-301F-11D3-BF4B-00C04F79EFBC}") = "MVCWithDatatables.Tests", "MVCWithDatatables.Tests\MVCWithDatatables.Tests.csproj", "{FE111C17-338F-4D2D-AAFA-1E6BD392D646}"
EndProject
Global
	GlobalSection(SolutionConfigurationPlatforms) = preSolution
		Debug|Any CPU = Debug|Any CPU
		Release|Any CPU = Release|Any CPU
	EndGlobalSection
	GlobalSection(ProjectConfigurationPlatforms) = postSolution
		{DBB8AC56-FFA9-4231-9140-F9B11041DF08}.Debug|Any CPU.ActiveCfg = Debug|Any CPU
		{DBB8AC56-FFA9-4231-9140-F9B11041DF08}.Debug|Any CPU.Build.0 = Debug|Any CPU
		{DBB8AC56-FFA9-4231-9140-F9B11041DF08}.Release|Any CPU.ActiveCfg = Release|Any CPU
		{DBB8AC56-FFA9-4231-9140-F9B11041DF08}.Release|Any CPU.Build.0 = Release|Any CPU
		{FE111C17-338F-4D2D-AAFA-1E6BD392D646}.Debug|Any CPU.ActiveCfg = Debug|Any CPU
		{FE111C17-338F-4D2D-AAFA-1E6BD392D646}.Debug|Any CPU.Build.0 = Debug|Any CPU
		{FE111C17-338F-4D2D-AAFA-1E6BD392D646}.Release|Any CPU.ActiveCfg = Release|Any CPU
		{FE111C17-338F-4D2D-AAFA-1E6BD392D646}.Release|Any CPU.Build.0 = Release|Any CPU
	EndGlobalSection
	GlobalSection(SolutionProperties) = preSolution
		HideSolutionNode = FALSE
	EndGlobalSection
EndGlobal
